# This file may be used to create an environment using:
# $ conda create --name <env> --file <this file>
# platform: linux-64
# created-by: conda 26.1.0
@EXPLICIT
https://conda.anaconda.org/conda-forge/linux-64/_libgcc_mutex-0.1-conda_forge.tar.bz2#d7c89558ba9fa0495403155b64376d81
https://conda.anaconda.org/conda-forge/noarch/ca-certificates-2026.2.25-hbd8a1cb_0.conda#4492fd26db29495f0ba23f146cd5638d
https://conda.anaconda.org/nvidia/linux-64/cuda-cudart-12.1.105-0.tar.bz2#001823a01c0d49300fd9622c4578eb40
https://conda.anaconda.org/nvidia/linux-64/cuda-cupti-12.1.105-0.tar.bz2#c0bfa9a714fd8099e085c70ab2ebe6ec
https://conda.anaconda.org/nvidia/linux-64/cuda-nvrtc-12.1.105-0.tar.bz2#12c15423c4eeb41fee6df3a2e5ab53ab
https://conda.anaconda.org/nvidia/linux-64/cuda-nvtx-12.1.105-0.tar.bz2#813ed3c0b687b8bb5daebf43889d8317
https://conda.anaconda.org/nvidia/noarch/cuda-version-13.1-hd92462c_3.conda#2c2d782f90a14305874aceb7a81fdde9
https://conda.anaconda.org/conda-forge/noarch/font-ttf-dejavu-sans-mono-2.37-hab24e00_0.tar.bz2#0c96522c6bdaed4b1566d11387caaf45
https://conda.anaconda.org/conda-forge/noarch/font-ttf-inconsolata-3.000-h77eed37_0.tar.bz2#34893075a5c9e55cdafac56607368fc6
https://conda.anaconda.org/conda-forge/noarch/font-ttf-source-code-pro-2.038-h77eed37_0.tar.bz2#4d59c254e01d9cde7957100457e2d5fb
https://conda.anaconda.org/conda-forge/noarch/font-ttf-ubuntu-0.83-h77eed37_3.conda#49023d73832ef61042f6a237cb2687e7
https://conda.anaconda.org/nvidia/linux-64/libcublas-12.1.0.26-0.tar.bz2#74f872929a02e01ef746a064fa46a80c
https://conda.anaconda.org/nvidia/linux-64/libcufft-11.0.2.4-0.tar.bz2#b53f7ea28a363eb6d218bcbffb9d26aa
https://conda.anaconda.org/nvidia/linux-64/libcusolver-11.4.4.55-0.tar.bz2#2d2fe4a7af91ec8a1eee7f1f0cf7b050
https://conda.anaconda.org/nvidia/linux-64/libcusparse-12.0.2.55-0.tar.bz2#c295ea64ea0654af0cbe833431de6daa
https://conda.anaconda.org/conda-forge/linux-64/libglvnd-1.7.0-ha4b6fd6_2.conda#434ca7e50e40f4918ab701e3facd59a0
https://conda.anaconda.org/conda-forge/linux-64/libgomp-15.2.0-he0feb66_17.conda#51b78c6a757575c0d12f4401ffc67029
https://conda.anaconda.org/nvidia/linux-64/libnpp-12.0.2.50-0.tar.bz2#072e390c1e0e4909bdd7508dd6af1474
https://conda.anaconda.org/nvidia/linux-64/libnvjitlink-12.1.105-0.tar.bz2#0155acf6f5117613ba17c65d9be4f2f1
https://conda.anaconda.org/nvidia/linux-64/libnvjpeg-12.1.1.14-0.tar.bz2#4dea93d43adfd03388b31f2ae9892558
https://conda.anaconda.org/conda-forge/noarch/python_abi-3.10-8_cp310.conda#05e00f3b21e88bb3d658ac700b2ce58c
https://conda.anaconda.org/pytorch/noarch/pytorch-mutex-1.0-cuda.tar.bz2#a948316e36fb5b11223b3fcfa93f8358
https://conda.anaconda.org/conda-forge/noarch/tzdata-2025c-hc9c84f9_1.conda#ad659d0a2b3e47e38d829aa8cad2d610
https://conda.anaconda.org/conda-forge/noarch/wayland-protocols-1.47-hd8ed1ab_0.conda#7da1571f560d4ba3343f7f4c48a79c76
https://conda.anaconda.org/conda-forge/linux-64/_openmp_mutex-4.5-2_gnu.tar.bz2#73aaf86a425cc6e73fcf236a5a46396d
https://conda.anaconda.org/conda-forge/noarch/fonts-conda-forge-1-hc364b38_1.conda#a7970cd949a077b7cb9696379d338681
https://conda.anaconda.org/conda-forge/linux-64/libegl-1.7.0-ha4b6fd6_2.conda#c151d5eb730e9b7480e6d48c0fc44048
https://conda.anaconda.org/conda-forge/noarch/fonts-conda-ecosystem-1-0.tar.bz2#fee5683a3f04bd15cbd8318b096a27ab
https://conda.anaconda.org/conda-forge/linux-64/libgcc-15.2.0-he0feb66_17.conda#3c281169ea25b987311400d7a7e28445
https://conda.anaconda.org/conda-forge/linux-64/bzip2-1.0.8-hda65f42_8.conda#51a19bba1b8ebfb60df25cde030b7ebc
https://conda.anaconda.org/conda-forge/linux-64/c-ares-1.34.6-hb03c661_0.conda#920bb03579f15389b9e512095ad995b7
https://conda.anaconda.org/conda-forge/linux-64/fribidi-1.0.16-hb03c661_0.conda#f9f81ea472684d75b9dd8d0b328cf655
https://conda.anaconda.org/conda-forge/linux-64/keyutils-1.6.3-hb9d3cd8_0.conda#b38117a3c920364aff79f870c984b4a3
https://conda.anaconda.org/conda-forge/linux-64/libdeflate-1.22-hb9d3cd8_0.conda#b422943d5d772b7cc858b36ad2a92db5
https://conda.anaconda.org/conda-forge/linux-64/libexpat-2.7.3-hecca717_0.conda#8b09ae86839581147ef2e5c5e229d164
https://conda.anaconda.org/conda-forge/linux-64/libffi-3.4.6-h2dba641_1.conda#ede4673863426c0883c0063d853bbd85
https://conda.anaconda.org/conda-forge/linux-64/libgcc-ng-15.2.0-h69a702a_17.conda#1478bfa85224a65ab096d69ffd2af1e5
https://conda.anaconda.org/conda-forge/linux-64/libgfortran5-15.2.0-h68bc16d_17.conda#202fdf8cad9eea704c2b0d823d1732bf
https://conda.anaconda.org/conda-forge/linux-64/libiconv-1.18-h3b78370_2.conda#915f5995e94f60e9a4826e0b0920ee88
https://conda.anaconda.org/conda-forge/linux-64/liblzma-5.8.2-hb03c661_0.conda#c7c83eecbb72d88b940c249af56c8b17
https://conda.anaconda.org/conda-forge/linux-64/libnsl-2.0.1-hb9d3cd8_1.conda#d864d34357c3b65a4b731f78c0801dc4
https://conda.anaconda.org/conda-forge/linux-64/libpciaccess-0.18-hb9d3cd8_0.conda#70e3400cbbfa03e96dcde7fc13e38c7b
https://conda.anaconda.org/conda-forge/linux-64/libstdcxx-15.2.0-h934c35e_17.conda#24c2fe35fa45cd71214beba6f337c071
https://conda.anaconda.org/conda-forge/linux-64/libtasn1-4.21.0-hb03c661_0.conda#0ffe6217a3d09398155d32a2ddb41251
https://conda.anaconda.org/conda-forge/linux-64/libuuid-2.41.3-h5347b49_0.conda#db409b7c1720428638e7c0d509d3e1b5
https://conda.anaconda.org/conda-forge/linux-64/libwebp-base-1.6.0-hd42ef1d_0.conda#aea31d2e5b1091feca96fcfe945c3cf9
https://conda.anaconda.org/conda-forge/linux-64/libzlib-1.3.1-hb9d3cd8_2.conda#edb0dca6bc32e4f4789199455a1dbeb8
https://conda.anaconda.org/conda-forge/linux-64/ncurses-6.5-h2d0b736_3.conda#47e340acb35de30501a76c7c799c41d7
https://conda.anaconda.org/conda-forge/linux-64/openssl-3.6.1-h35e630c_1.conda#f61eb8cd60ff9057122a3d338b99c00f
https://conda.anaconda.org/conda-forge/linux-64/pthread-stubs-0.4-hb9d3cd8_1002.conda#b3c17d95b5a10c6e64a21fa17573e70e
https://conda.anaconda.org/conda-forge/linux-64/xorg-libice-1.1.2-hb9d3cd8_0.conda#fb901ff28063514abb6046c9ec2c4a45
https://conda.anaconda.org/conda-forge/linux-64/xorg-libxau-1.0.12-hb03c661_1.conda#b2895afaf55bf96a8c8282a2e47a5de0
https://conda.anaconda.org/conda-forge/linux-64/xorg-libxdmcp-1.1.5-hb03c661_1.conda#1dafce8548e38671bea82e3f5c6ce22f
https://conda.anaconda.org/conda-forge/linux-64/yaml-0.2.5-h280c20c_3.conda#a77f85f77be52ff59391544bfe73390a
https://conda.anaconda.org/conda-forge/linux-64/dav1d-1.2.1-hd590300_0.conda#418c6ca5929a611cbd69204907a83995
https://conda.anaconda.org/conda-forge/linux-64/graphite2-1.3.14-hecca717_2.conda#2cd94587f3a401ae05e03a6caf09539d
https://conda.anaconda.org/conda-forge/linux-64/jpeg-9e-h166bdaf_2.tar.bz2#ee8b844357a0946870901c7c6f418268
https://conda.anaconda.org/conda-forge/linux-64/lame-3.100-h166bdaf_1003.tar.bz2#a8832b479f93521a9e7b5b743803be51
https://conda.anaconda.org/conda-forge/linux-64/lerc-4.0.0-h0aef613_1.conda#9344155d33912347b37f0ae6c410a835
https://conda.anaconda.org/conda-forge/linux-64/libaec-1.1.5-h088129d_0.conda#86f7414544ae606282352fa1e116b41f
https://conda.anaconda.org/nvidia/linux-64/libcurand-10.4.1.81-h1b6c897_0.conda#38084aef5f776c4d719ac5db92b3c2d0
https://conda.anaconda.org/conda-forge/linux-64/libdrm-2.4.125-hb03c661_1.conda#9314bc5a1fe7d1044dc9dfd3ef400535
https://conda.anaconda.org/conda-forge/linux-64/libedit-3.1.20250104-pl5321h7949ede_0.conda#c277e0a4d549b03ac1e9d6cbbe3d017b
https://conda.anaconda.org/conda-forge/linux-64/libev-4.33-hd590300_2.conda#172bf1cd1ff8629f2b1179945ed45055
https://conda.anaconda.org/conda-forge/linux-64/libgfortran-15.2.0-h69a702a_17.conda#a6c682ac611cb1fa4d73478f9e6efb06
https://conda.anaconda.org/pytorch/linux-64/libjpeg-turbo-2.0.0-h9bf148f_0.tar.bz2#0b3e9c9b60b181ed49c99c115fcab898
https://conda.anaconda.org/conda-forge/linux-64/liblzma-devel-5.8.2-hb03c661_0.conda#de60549ba9d8921dff3afa4b179e2a4b
https://repo.anaconda.com/pkgs/main/linux-64/libopenjpeg-2.5.4-hee96239_1.conda#9bd858f798e2a84044a47c461c107908
https://conda.anaconda.org/conda-forge/linux-64/libpng-1.6.54-h421ea60_0.conda#d361fa2a59e53b61c2675bfa073e5b7e
https://conda.anaconda.org/conda-forge/linux-64/libsqlite-3.51.2-h0c1763c_0.conda#f7d30045eccb83f2bb8053041f42db3c
https://conda.anaconda.org/conda-forge/linux-64/libssh2-1.11.1-hcf80075_0.conda#eecce068c7e4eddeb169591baac20ac4
https://conda.anaconda.org/conda-forge/linux-64/libstdcxx-ng-15.2.0-hdf11a46_17.conda#ea12f5a6bf12c88c06750d9803e1a570
https://conda.anaconda.org/conda-forge/linux-64/libunistring-0.9.10-h7f98852_0.tar.bz2#7245a044b4a1980ed83196176b78b73a
https://conda.anaconda.org/conda-forge/linux-64/libxcb-1.17.0-h8a09558_0.conda#92ed62436b625154323d40d5f2f11dd7
https://conda.anaconda.org/conda-forge/linux-64/libxcrypt-4.4.36-hd590300_1.conda#5aa797f8787fe7a17d1b0821485b5adc
https://conda.anaconda.org/conda-forge/linux-64/llvm-openmp-15.0.7-h0cdce71_0.conda#589c9a3575a050b583241c3d688ad9aa
https://conda.anaconda.org/conda-forge/linux-64/nettle-3.9.1-h7ab15ed_0.conda#2bf1915cc107738811368afcb0993a59
https://conda.anaconda.org/conda-forge/linux-64/opencl-headers-2025.06.13-h5888daf_0.conda#45c3d2c224002d6d0d7769142b29f986
https://conda.anaconda.org/conda-forge/linux-64/p11-kit-0.24.1-hc5aa10d_0.tar.bz2#56ee94e34b71742bbdfa832c974e47a8
https://conda.anaconda.org/conda-forge/linux-64/pcre2-10.46-h1321c63_0.conda#7fa07cb0fb1b625a089ccc01218ee5b1
https://conda.anaconda.org/conda-forge/linux-64/pixman-0.46.4-h54a6638_1.conda#c01af13bdc553d1a8fbfff6e8db075f0
https://conda.anaconda.org/conda-forge/linux-64/readline-8.3-h853b02a_0.conda#d7d95fc8287ea7bf33e0e7116d2b95ec
https://conda.anaconda.org/conda-forge/linux-64/tk-8.6.13-noxft_h366c992_103.conda#cffd3bdd58090148f4cfcd831f4b26ab
https://conda.anaconda.org/conda-forge/linux-64/wayland-1.24.0-h3e06ad9_0.conda#0f2ca7906bf166247d1d760c3422cb8a
https://conda.anaconda.org/conda-forge/linux-64/x264-1!164.3095-h166bdaf_2.tar.bz2#6c99772d483f566d59e25037fea2c4b1
https://conda.anaconda.org/conda-forge/linux-64/xorg-libsm-1.2.6-he73a12e_0.conda#1c74ff8c35dcadf952a16f752ca5aa49
https://conda.anaconda.org/conda-forge/linux-64/xz-gpl-tools-5.8.2-ha02ee65_0.conda#a159fe1e8200dd67fa88ddea9169d25a
https://conda.anaconda.org/conda-forge/linux-64/xz-tools-5.8.2-hb03c661_0.conda#dfd6129671f782988d665354e7aa269d
https://conda.anaconda.org/conda-forge/linux-64/zlib-1.3.1-hb9d3cd8_2.conda#c9f075ab2f33b3bbee9e62d4ad0a6cd8
https://conda.anaconda.org/conda-forge/linux-64/zstd-1.5.7-hb78ec9c_6.conda#4a13eeac0b5c8e5b8ab496e6c4ddd829
https://conda.anaconda.org/conda-forge/linux-64/aom-3.6.1-h59595ed_0.conda#8457db6d1175ee86c8e077f6ac60ff55
https://conda.anaconda.org/conda-forge/linux-64/gmp-6.3.0-hac33072_2.conda#c94a5994ef49749880a8139cf9afcbe1
https://conda.anaconda.org/conda-forge/linux-64/icu-75.1-he02047a_0.conda#8b189310083baabfb622af68fd9d3ae3
https://repo.anaconda.com/pkgs/main/linux-64/intel-openmp-2023.0.0-h9e868ea_25371.conda#6a6a971d4334e4b025871d11b0d8ff7b
https://conda.anaconda.org/conda-forge/linux-64/krb5-1.22.2-ha1258a1_0.conda#fb53fb07ce46a575c5d004bbc96032c2
https://conda.anaconda.org/conda-forge/linux-64/ld_impl_linux-64-2.45.1-default_hbd61a6d_101.conda#12bd9a3f089ee6c9266a37dab82afabd
https://conda.anaconda.org/nvidia/linux-64/libcufile-1.16.1.26-h3b4bcfc_0.conda#727ad2d50184423eb2b40a939e159886
https://conda.anaconda.org/conda-forge/linux-64/libfreetype6-2.14.1-h73754d4_0.conda#8e7251989bca326a28f4a5ffbd74557a
https://conda.anaconda.org/conda-forge/linux-64/libgfortran-ng-15.2.0-h69a702a_17.conda#d7954bb54fc77e7952a78e5e0d134df5
https://conda.anaconda.org/conda-forge/linux-64/libglib-2.86.0-h1fed272_0.conda#b8e4c93f4ab70c3b6f6499299627dbdc
https://conda.anaconda.org/conda-forge/linux-64/libidn2-2.3.8-hfac485b_1.conda#842a81de672ddcf476337c8bde3cad33
https://conda.anaconda.org/conda-forge/linux-64/libnghttp2-1.67.0-had1ee68_0.conda#b499ce4b026493a13774bcf0f4c33849
https://conda.anaconda.org/conda-forge/linux-64/libvpx-1.13.1-h59595ed_0.conda#0974a6d3432e10bae02bcab0cce1b308
https://conda.anaconda.org/conda-forge/linux-64/ocl-icd-2.3.3-hb9d3cd8_0.conda#56f8947aa9d5cf37b0b3d43b83f34192
https://conda.anaconda.org/conda-forge/linux-64/openh264-2.3.1-hcb278e6_2.conda#37d01894f256b2a6921c5a218f42f8a2
https://conda.anaconda.org/conda-forge/linux-64/svt-av1-1.4.1-hcb278e6_0.conda#2b32b8a10fa6ec9c18c897c4527720dc
https://conda.anaconda.org/conda-forge/linux-64/x265-3.5-h924138e_3.tar.bz2#e7f6ed84d4623d52ee581325c1587a6b
https://conda.anaconda.org/conda-forge/linux-64/xorg-libx11-1.8.12-h4f16b4b_0.conda#db038ce880f100acc74dba10302b5630
https://conda.anaconda.org/conda-forge/linux-64/xz-5.8.2-ha02ee65_0.conda#d34b831f6d6a9b014eb7cf65f6329bba
https://conda.anaconda.org/nvidia/linux-64/cuda-opencl-13.1.115-h4f1e1d6_0.conda#2de8932d1c0e3315ecc0700b725a9b37
https://conda.anaconda.org/conda-forge/linux-64/gnutls-3.7.9-hb077bed_0.conda#33eded89024f21659b1975886a4acf70
https://repo.anaconda.com/pkgs/main/linux-64/libavif-1.1.1-h5eee18b_0.conda#0ab5f57926ebeda42fca4d6caf4e0eba
https://conda.anaconda.org/conda-forge/linux-64/libblas-3.9.0-1_h86c2bf4_netlib.tar.bz2#91273b91f1023d5c72ffc79e02e7812e
https://conda.anaconda.org/conda-forge/linux-64/libcurl-8.18.0-hcf29cc6_1.conda#1707cdd636af2ff697b53186572c9f77
https://conda.anaconda.org/conda-forge/linux-64/libfreetype-2.14.1-ha770c72_0.conda#f4084e4e6577797150f9b04a4560ceb0
https://conda.anaconda.org/conda-forge/linux-64/libglx-1.7.0-ha4b6fd6_2.conda#c8013e438185f33b13814c5c488acd5c
https://repo.anaconda.com/pkgs/main/linux-64/libtiff-4.7.1-h029b1ac_0.conda#7d759d6ff8fd3887c4da4885d7013f11
https://conda.anaconda.org/conda-forge/linux-64/libxml2-2.13.9-h04c0eec_0.conda#35eeb0a2add53b1e50218ed230fa6a02
https://conda.anaconda.org/conda-forge/linux-64/mpfr-4.2.1-h90cbb55_3.conda#2eeb50cab6652538eee8fc0bc3340c81
https://conda.anaconda.org/conda-forge/linux-64/python-3.10.19-h3c07f61_3_cpython.conda#be48679ccfbc8710dea1d5970600fa04
https://conda.anaconda.org/conda-forge/linux-64/xorg-libxext-1.3.7-hb03c661_0.conda#34e54f03dfea3e7a2dcf1453a85f1085
https://conda.anaconda.org/conda-forge/linux-64/xorg-libxfixes-6.0.2-hb03c661_0.conda#ba231da7fccf9ea1e768caf5c7099b84
https://conda.anaconda.org/conda-forge/linux-64/xorg-libxrender-0.9.12-hb9d3cd8_0.conda#96d57aba173e878a2089d5638016dc5e
https://conda.anaconda.org/conda-forge/linux-64/backports.zstd-1.3.0-py310h69bd2ac_0.conda#276a3ddf300498921601822e3b407088
https://conda.anaconda.org/conda-forge/linux-64/brotli-python-1.2.0-py310hba01987_1.conda#393fca4557fbd2c4d995dcb89f569048
https://conda.anaconda.org/conda-forge/noarch/cached_property-1.5.2-pyha770c72_1.tar.bz2#576d629e47797577ab0f1b351297ef4a
https://conda.anaconda.org/conda-forge/noarch/certifi-2026.2.25-pyhd8ed1ab_0.conda#765c4d97e877cdbbb88ff33152b86125
https://conda.anaconda.org/conda-forge/noarch/charset-normalizer-3.4.4-pyhd8ed1ab_0.conda#a22d1fd9bf98827e280a02875d9a007a
https://conda.anaconda.org/conda-forge/noarch/cpython-3.10.19-py310hd8ed1ab_3.conda#418f0dcd1bb43d77a9ba3b6ac13dcd86
https://conda.anaconda.org/nvidia/linux-64/cuda-libraries-12.1.0-0.tar.bz2#8c08238819848e471a6213db526dbf15
https://conda.anaconda.org/conda-forge/noarch/dataclasses-0.8-pyhc8e2a94_3.tar.bz2#a362b2124b06aad102e2ee4581acee7d
https://conda.anaconda.org/conda-forge/noarch/filelock-3.20.3-pyhd8ed1ab_0.conda#2cfaaccf085c133a477f0a7a8657afe9
https://conda.anaconda.org/conda-forge/linux-64/freetype-2.14.1-ha770c72_0.conda#4afc585cd97ba8a23809406cd8a9eda8
https://conda.anaconda.org/conda-forge/linux-64/hdf5-1.14.6-nompi_h19486de_106.conda#c223ee1429ba538f3e48cfb4a0b97357
https://conda.anaconda.org/conda-forge/noarch/hpack-4.1.0-pyhd8ed1ab_0.conda#0a802cb9888dd14eeefc611f05c40b6e
https://conda.anaconda.org/conda-forge/noarch/hyperframe-6.1.0-pyhd8ed1ab_0.conda#8e6923fc12f1fe8f8c4e5c9f343256ac
https://conda.anaconda.org/conda-forge/noarch/idna-3.11-pyhd8ed1ab_0.conda#53abe63df7e10a6ba605dc5f9f961d36
https://repo.anaconda.com/pkgs/main/linux-64/lcms2-2.17-heab6991_0.conda#4bf53b39a7fade892df9e02d83cb052d
https://conda.anaconda.org/conda-forge/linux-64/libcblas-3.9.0-13_h8e06fc2_netlib.conda#ea961fa7f9317fd02949bb5c3f9388d1
https://conda.anaconda.org/conda-forge/linux-64/libgl-1.7.0-ha4b6fd6_2.conda#928b8be80851f5d8ffb016f9c81dae7a
https://conda.anaconda.org/conda-forge/linux-64/libhwloc-2.12.1-default_h3d81e11_1000.conda#d821210ab60be56dd27b5525ed18366d
https://conda.anaconda.org/conda-forge/linux-64/liblapack-3.9.0-13_h8876d29_netlib.conda#0ee8945d9a7d3e02790544c0dceec2e1
https://conda.anaconda.org/conda-forge/linux-64/markupsafe-3.0.3-py310h3406613_0.conda#8854df4fb4e37cc3ea0a024e48c9c180
https://conda.anaconda.org/conda-forge/linux-64/mpc-1.3.1-h24ddda3_1.conda#aa14b9a5196a6d8dd364164b7ce56acf
https://conda.anaconda.org/conda-forge/noarch/mpmath-1.3.0-pyhd8ed1ab_1.conda#3585aa87c43ab15b167b574cd73b057b
https://conda.anaconda.org/conda-forge/noarch/networkx-3.4.2-pyh267e887_2.conda#fd40bf7f7f4bc4b647dc8512053d9873
https://conda.anaconda.org/conda-forge/noarch/packaging-26.0-pyhcf101f3_0.conda#b76541e68fea4d511b1ac46a28dcd2c6
https://conda.anaconda.org/conda-forge/linux-64/portalocker-3.2.0-py310hff52083_1.conda#089bda7d09cd0a36a84f497737d9f043
https://conda.anaconda.org/conda-forge/noarch/pysocks-1.7.1-pyha55dd90_7.conda#461219d1a5bd61342293efa2c0c90eac
https://conda.anaconda.org/conda-forge/linux-64/pyyaml-6.0.3-py310h3406613_1.conda#2160894f57a40d2d629a34ee8497795f
https://conda.anaconda.org/conda-forge/noarch/setuptools-80.10.2-pyh332efcf_0.conda#7b446fcbb6779ee479debb4fd7453e6c
https://conda.anaconda.org/conda-forge/noarch/tqdm-4.67.3-pyh8f84b5b_0.conda#e5ce43272193b38c2e9037446c1d9206
https://conda.anaconda.org/conda-forge/noarch/typing_extensions-4.15.0-pyhcf101f3_0.conda#0caa1af407ecff61170c9437a808404d
https://conda.anaconda.org/conda-forge/noarch/cached-property-1.5.2-hd8ed1ab_1.tar.bz2#9b347a7ec10940d3f7941ff6c460b551
https://conda.anaconda.org/nvidia/linux-64/cuda-runtime-12.1.0-0.tar.bz2#95e8c2f09ec28cce7cdecd6200b5d26e
https://conda.anaconda.org/conda-forge/linux-64/fontconfig-2.15.0-h7e30c49_1.conda#8f5b0b297b59e1ac160ad4beec99dbee
https://conda.anaconda.org/conda-forge/linux-64/gmpy2-2.2.1-py310h63ebcad_2.conda#7b00ae88c49e6cfac84eb20d03175b22
https://conda.anaconda.org/conda-forge/noarch/h2-4.3.0-pyhcf101f3_0.conda#164fc43f0b53b6e3a7bc7dce5e4f1dc9
https://conda.anaconda.org/conda-forge/noarch/jinja2-3.1.6-pyhcf101f3_1.conda#04558c96691bed63104678757beb4f8d
https://conda.anaconda.org/conda-forge/linux-64/libva-2.23.0-he1eb515_0.conda#25813fe38b3e541fc40007592f12bae5
https://conda.anaconda.org/conda-forge/linux-64/numpy-2.2.6-py310hefbff90_0.conda#b0cea2c364bf65cd19e023040eeab05d
https://conda.anaconda.org/conda-forge/linux-64/tbb-2021.13.0-h8d10470_4.conda#e6d46d70c68d0eb69b9a040ebe3acddf
https://conda.anaconda.org/conda-forge/noarch/typing-extensions-4.15.0-h396c80c_0.conda#edd329d7d3a4ab45dcf905899a7a6115
https://conda.anaconda.org/conda-forge/noarch/wheel-0.46.3-pyhd8ed1ab_0.conda#bdbd7385b4a67025ac2dba4ef8cb6a8f
https://conda.anaconda.org/conda-forge/linux-64/cairo-1.18.4-h3394656_0.conda#09262e66b19567aff4f592fb53b28760
https://conda.anaconda.org/conda-forge/linux-64/ffmpeg-4.4.2-gpl_hdf48244_113.conda#08d463a9d1f6ce078a25ac96eb9e2083
https://conda.anaconda.org/conda-forge/linux-64/h5py-3.15.1-nompi_py310h4aa865e_101.conda#4fccf52eaeb2ae9d9e251623e2b66e63
https://conda.anaconda.org/conda-forge/noarch/iopath-0.1.10-pyhd8ed1ab_0.conda#36490f383e866282d4f0475aa8a8dd70
https://repo.anaconda.com/pkgs/main/linux-64/mkl-2023.1.0-h213fc3f_46344.conda#83e5adf5b75242d8d7634615fed37c72
https://conda.anaconda.org/conda-forge/noarch/pip-26.0.1-pyh8b19718_0.conda#67bdec43082fd8a9cffb9484420b39a2
https://conda.anaconda.org/pytorch/linux-64/pytorch-cuda-12.1-ha16c6d3_6.tar.bz2#0e94331f6f87bff1c229da02b0508693
https://conda.anaconda.org/conda-forge/noarch/sympy-1.14.0-pyh2585a3b_105.conda#8c09fac3785696e1c477156192d64b91
https://conda.anaconda.org/conda-forge/noarch/urllib3-2.6.3-pyhd8ed1ab_0.conda#9272daa869e03efe68833e3dc7a02130
https://conda.anaconda.org/conda-forge/linux-64/blas-1.0-mkl.tar.bz2#349aef876b1d8c9dccae01de20d5b385
https://conda.anaconda.org/conda-forge/linux-64/harfbuzz-10.4.0-h76408a6_0.conda#81f137b4153cf111ff8e3188b6fb8e73
https://conda.anaconda.org/conda-forge/noarch/requests-2.32.5-pyhcf101f3_1.conda#c65df89a0b2e321045a9e01d1337b182
https://repo.anaconda.com/pkgs/main/linux-64/pillow-12.0.0-py310h3b88751_1.conda#7d5a9b308e53733f2fc5bd5c99848998
https://conda.anaconda.org/pytorch/linux-64/pytorch-2.4.1-py3.10_cuda12.1_cudnn9.1.0_0.tar.bz2#f9e28927deff09d4c090242eb126cb4b
https://conda.anaconda.org/pytorch/linux-64/torchtriton-3.0.0-py310.tar.bz2#451ad06b0f3245b37c93583e6c106c86
https://conda.anaconda.org/pytorch/linux-64/torchvision-0.19.1-py310_cu121.tar.bz2#50192a54fdab595d533783c4a429beb8
https://conda.anaconda.org/pytorch3d/linux-64/pytorch3d-0.7.8-py310_cu121_pyt241.tar.bz2#91f732f7d3e5557bb5c9551c45cbba2b
